// !$*UTF8*$!
{
	archiveVersion = 1;
	classes = {
	};
	objectVersion = 46;
	objects = {

/* Begin PBXBuildFile section */
		8B2BB8581B2642370057098C /* main.m in Sources */ = {isa = PBXBuildFile; fileRef = 8B2BB8571B2642370057098C /* main.m */; };
		8B2BB85B1B2642370057098C /* AppDelegate.m in Sources */ = {isa = PBXBuildFile; fileRef = 8B2BB85A1B2642370057098C /* AppDelegate.m */; };
		8B2BB85E1B2642370057098C /* ViewController.m in Sources */ = {isa = PBXBuildFile; fileRef = 8B2BB85D1B2642370057098C /* ViewController.m */; };
		8B2BB8611B2642370057098C /* Main.storyboard in Resources */ = {isa = PBXBuildFile; fileRef = 8B2BB85F1B2642370057098C /* Main.storyboard */; };
		8B2BB8631B2642370057098C /* Images.xcassets in Resources */ = {isa = PBXBuildFile; fileRef = 8B2BB8621B2642370057098C /* Images.xcassets */; };
		8B2BB8661B2642370057098C /* LaunchScreen.xib in Resources */ = {isa = PBXBuildFile; fileRef = 8B2BB8641B2642370057098C /* LaunchScreen.xib */; };
		8B2BB8721B2642380057098C /* ImaginariumTests.m in Sources */ = {isa = PBXBuildFile; fileRef = 8B2BB8711B2642380057098C /* ImaginariumTests.m */; };
		8B2BB87D1B2642930057098C /* ImageViewController.m in Sources */ = {isa = PBXBuildFile; fileRef = 8B2BB87C1B2642930057098C /* ImageViewController.m */; };
/* End PBXBuildFile section */

/* Begin PBXContainerItemProxy section */
		8B2BB86C1B2642370057098C /* PBXContainerItemProxy */ = {
			isa = PBXContainerItemProxy;
			containerPortal = 8B2BB84A1B2642370057098C /* Project object */;
			proxyType = 1;
			remoteGlobalIDString = 8B2BB8511B2642370057098C;
			remoteInfo = Imaginarium;
		};
/* End PBXContainerItemProxy section */

/* Begin PBXFileReference section */
		8B2BB8521B2642370057098C /* Imaginarium.app */ = {isa = PBXFileReference; explicitFileType = wrapper.application; includeInIndex = 0; path = Imaginarium.app; sourceTree = BUILT_PRODUCTS_DIR; };
		8B2BB8561B2642370057098C /* Info.plist */ = {isa = PBXFileReference; lastKnownFileType = text.plist.xml; path = Info.plist; sourceTree = "<group>"; };
		8B2BB8571B2642370057098C /* main.m */ = {isa = PBXFileReference; lastKnownFileType = sourcecode.c.objc; path = main.m; sourceTree = "<group>"; };
		8B2BB8591B2642370057098C /* AppDelegate.h */ = {isa = PBXFileReference; lastKnownFileType = sourcecode.c.h; path = AppDelegate.h; sourceTree = "<group>"; };
		8B2BB85A1B2642370057098C /* AppDelegate.m */ = {isa = PBXFileReference; lastKnownFileType = sourcecode.c.objc; path = AppDelegate.m; sourceTree = "<group>"; };
		8B2BB85C1B2642370057098C /* ViewController.h */ = {isa = PBXFileReference; lastKnownFileType = sourcecode.c.h; path = ViewController.h; sourceTree = "<group>"; };
		8B2BB85D1B2642370057098C /* ViewController.m */ = {isa = PBXFileReference; lastKnownFileType = sourcecode.c.objc; path = ViewController.m; sourceTree = "<group>"; };
		8B2BB8601B2642370057098C /* Base */ = {isa = PBXFileReference; lastKnownFileType = file.storyboard; name = Base; path = Base.lproj/Main.storyboard; sourceTree = "<group>"; };
		8B2BB8621B2642370057098C /* Images.xcassets */ = {isa = PBXFileReference; lastKnownFileType = folder.assetcatalog; path = Images.xcassets; sourceTree = "<group>"; };
		8B2BB8651B2642370057098C /* Base */ = {isa = PBXFileReference; lastKnownFileType = file.xib; name = Base; path = Base.lproj/LaunchScreen.xib; sourceTree = "<group>"; };
		8B2BB86B1B2642370057098C /* ImaginariumTests.xctest */ = {isa = PBXFileReference; explicitFileType = wrapper.cfbundle; includeInIndex = 0; path = ImaginariumTests.xctest; sourceTree = BUILT_PRODUCTS_DIR; };
		8B2BB8701B2642370057098C /* Info.plist */ = {isa = PBXFileReference; lastKnownFileType = text.plist.xml; path = Info.plist; sourceTree = "<group>"; };
		8B2BB8711B2642380057098C /* ImaginariumTests.m */ = {isa = PBXFileReference; lastKnownFileType = sourcecode.c.objc; path = ImaginariumTests.m; sourceTree = "<group>"; };
		8B2BB87B1B2642930057098C /* ImageViewController.h */ = {isa = PBXFileReference; fileEncoding = 4; lastKnownFileType = sourcecode.c.h; path = ImageViewController.h; sourceTree = "<group>"; };
		8B2BB87C1B2642930057098C /* ImageViewController.m */ = {isa = PBXFileReference; fileEncoding = 4; lastKnownFileType = sourcecode.c.objc; path = ImageViewController.m; sourceTree = "<group>"; };
/* End PBXFileReference section */

/* Begin PBXFrameworksBuildPhase section */
		8B2BB84F1B2642370057098C /* Frameworks */ = {
			isa = PBXFrameworksBuildPhase;
			buildActionMask = 2147483647;
			files = (
			);
			runOnlyForDeploymentPostprocessing = 0;
		};
		8B2BB8681B2642370057098C /* Frameworks */ = {
			isa = PBXFrameworksBuildPhase;
			buildActionMask = 2147483647;
			files = (
			);
			runOnlyForDeploymentPostprocessing = 0;
		};
/* End PBXFrameworksBuildPhase section */

/* Begin PBXGroup section */
		8B2BB8491B2642370057098C = {
			isa = PBXGroup;
			children = (
				8B2BB8541B2642370057098C /* Imaginarium */,
				8B2BB86E1B2642370057098C /* ImaginariumTests */,
				8B2BB8531B2642370057098C /* Products */,
			);
			sourceTree = "<group>";
		};
		8B2BB8531B2642370057098C /* Products */ = {
			isa = PBXGroup;
			children = (
				8B2BB8521B2642370057098C /* Imaginarium.app */,
				8B2BB86B1B2642370057098C /* ImaginariumTests.xctest */,
			);
			name = Products;
			sourceTree = "<group>";
		};
		8B2BB8541B2642370057098C /* Imaginarium */ = {
			isa = PBXGroup;
			children = (
				8B2BB85C1B2642370057098C /* ViewController.h */,
				8B2BB85D1B2642370057098C /* ViewController.m */,
				8B2BB85F1B2642370057098C /* Main.storyboard */,
				8B2BB87B1B2642930057098C /* ImageViewController.h */,
				8B2BB87C1B2642930057098C /* ImageViewController.m */,
				8B2BB8621B2642370057098C /* Images.xcassets */,
				8B2BB8641B2642370057098C /* LaunchScreen.xib */,
				8B2BB8551B2642370057098C /* Supporting Files */,
			);
			path = Imaginarium;
			sourceTree = "<group>";
		};
		8B2BB8551B2642370057098C /* Supporting Files */ = {
			isa = PBXGroup;
			children = (
				8B2BB85A1B2642370057098C /* AppDelegate.m */,
				8B2BB8591B2642370057098C /* AppDelegate.h */,
				8B2BB8561B2642370057098C /* Info.plist */,
				8B2BB8571B2642370057098C /* main.m */,
			);
			name = "Supporting Files";
			sourceTree = "<group>";
		};
		8B2BB86E1B2642370057098C /* ImaginariumTests */ = {
			isa = PBXGroup;
			children = (
				8B2BB8711B2642380057098C /* ImaginariumTests.m */,
				8B2BB86F1B2642370057098C /* Supporting Files */,
			);
			path = ImaginariumTests;
			sourceTree = "<group>";
		};
		8B2BB86F1B2642370057098C /* Supporting Files */ = {
			isa = PBXGroup;
			children = (
				8B2BB8701B2642370057098C /* Info.plist */,
			);
			name = "Supporting Files";
			sourceTree = "<group>";
		};
/* End PBXGroup section */

/* Begin PBXNativeTarget section */
		8B2BB8511B2642370057098C /* Imaginarium */ = {
			isa = PBXNativeTarget;
			buildConfigurationList = 8B2BB8751B2642380057098C /* Build configuration list for PBXNativeTarget "Imaginarium" */;
			buildPhases = (
				8B2BB84E1B2642370057098C /* Sources */,
				8B2BB84F1B2642370057098C /* Frameworks */,
				8B2BB8501B2642370057098C /* Resources */,
			);
			buildRules = (
			);
			dependencies = (
			);
			name = Imaginarium;
			productName = Imaginarium;
			productReference = 8B2BB8521B2642370057098C /* Imaginarium.app */;
			productType = "com.apple.product-type.application";
		};
		8B2BB86A1B2642370057098C /* ImaginariumTests */ = {
			isa = PBXNativeTarget;
			buildConfigurationList = 8B2BB8781B2642380057098C /* Build configuration list for PBXNativeTarget "ImaginariumTests" */;
			buildPhases = (
				8B2BB8671B2642370057098C /* Sources */,
				8B2BB8681B2642370057098C /* Frameworks */,
				8B2BB8691B2642370057098C /* Resources */,
			);
			buildRules = (
			);
			dependencies = (
				8B2BB86D1B2642370057098C /* PBXTargetDependency */,
			);
			name = ImaginariumTests;
			productName = ImaginariumTests;
			productReference = 8B2BB86B1B2642370057098C /* ImaginariumTests.xctest */;
			productType = "com.apple.product-type.bundle.unit-test";
		};
/* End PBXNativeTarget section */

/* Begin PBXProject section */
		8B2BB84A1B2642370057098C /* Project object */ = {
			isa = PBXProject;
			attributes = {
				LastUpgradeCheck = 0630;
				ORGANIZATIONNAME = "Stanford Lessons App House";
				TargetAttributes = {
					8B2BB8511B2642370057098C = {
						CreatedOnToolsVersion = 6.3.1;
					};
					8B2BB86A1B2642370057098C = {
						CreatedOnToolsVersion = 6.3.1;
						TestTargetID = 8B2BB8511B2642370057098C;
					};
				};
			};
			buildConfigurationList = 8B2BB84D1B2642370057098C /* Build configuration list for PBXProject "Imaginarium" */;
			compatibilityVersion = "Xcode 3.2";
			developmentRegion = English;
			hasScannedForEncodings = 0;
			knownRegions = (
				en,
				Base,
			);
			mainGroup = 8B2BB8491B2642370057098C;
			productRefGroup = 8B2BB8531B2642370057098C /* Products */;
			projectDirPath = "";
			projectRoot = "";
			targets = (
				8B2BB8511B2642370057098C /* Imaginarium */,
				8B2BB86A1B2642370057098C /* ImaginariumTests */,
			);
		};
/* End PBXProject section */

/* Begin PBXResourcesBuildPhase section */
		8B2BB8501B2642370057098C /* Resources */ = {
			isa = PBXResourcesBuildPhase;
			buildActionMask = 2147483647;
			files = (
				8B2BB8611B2642370057098C /* Main.storyboard in Resources */,
				8B2BB8661B2642370057098C /* LaunchScreen.xib in Resources */,
				8B2BB8631B2642370057098C /* Images.xcassets in Resources */,
			);
			runOnlyForDeploymentPostprocessing = 0;
		};
		8B2BB8691B2642370057098C /* Resources */ = {
			isa = PBXResourcesBuildPhase;
			buildActionMask = 2147483647;
			files = (
			);
			runOnlyForDeploymentPostprocessing = 0;
		};
/* End PBXResourcesBuildPhase section */

/* Begin PBXSourcesBuildPhase section */
		8B2BB84E1B2642370057098C /* Sources */ = {
			isa = PBXSourcesBuildPhase;
			buildActionMask = 2147483647;
			files = (
				8B2BB85E1B2642370057098C /* ViewController.m in Sources */,
				8B2BB85B1B2642370057098C /* AppDelegate.m in Sources */,
				8B2BB87D1B2642930057098C /* ImageViewController.m in Sources */,
				8B2BB8581B2642370057098C /* main.m in Sources */,
			);
			runOnlyForDeploymentPostprocessing = 0;
		};
		8B2BB8671B2642370057098C /* Sources */ = {
			isa = PBXSourcesBuildPhase;
			buildActionMask = 2147483647;
			files = (
				8B2BB8721B2642380057098C /* ImaginariumTests.m in Sources */,
			);
			runOnlyForDeploymentPostprocessing = 0;
		};
/* End PBXSourcesBuildPhase section */

/* Begin PBXTargetDependency section */
		8B2BB86D1B2642370057098C /* PBXTargetDependency */ = {
			isa = PBXTargetDependency;
			target = 8B2BB8511B2642370057098C /* Imaginarium */;
			targetProxy = 8B2BB86C1B2642370057098C /* PBXContainerItemProxy */;
		};
/* End PBXTargetDependency section */

/* Begin PBXVariantGroup section */
		8B2BB85F1B2642370057098C /* Main.storyboard */ = {
			isa = PBXVariantGroup;
			children = (
				8B2BB8601B2642370057098C /* Base */,
			);
			name = Main.storyboard;
			sourceTree = "<group>";
		};
		8B2BB8641B2642370057098C /* LaunchScreen.xib */ = {
			isa = PBXVariantGroup;
			children = (
				8B2BB8651B2642370057098C /* Base */,
			);
			name = LaunchScreen.xib;
			sourceTree = "<group>";
		};
/* End PBXVariantGroup section */

/* Begin XCBuildConfiguration section */
		8B2BB8731B2642380057098C /* Debug */ = {
			isa = XCBuildConfiguration;
			buildSettings = {
				ALWAYS_SEARCH_USER_PATHS = NO;
				CLANG_CXX_LANGUAGE_STANDARD = "gnu++0x";
				CLANG_CXX_LIBRARY = "libc++";
				CLANG_ENABLE_MODULES = YES;
				CLANG_ENABLE_OBJC_ARC = YES;
				CLANG_WARN_BOOL_CONVERSION = YES;
				CLANG_WARN_CONSTANT_CONVERSION = YES;
				CLANG_WARN_DIRECT_OBJC_ISA_USAGE = YES_ERROR;
				CLANG_WARN_EMPTY_BODY = YES;
				CLANG_WARN_ENUM_CONVERSION = YES;
				CLANG_WARN_INT_CONVERSION = YES;
				CLANG_WARN_OBJC_ROOT_CLASS = YES_ERROR;
				CLANG_WARN_UNREACHABLE_CODE = YES;
				CLANG_WARN__DUPLICATE_METHOD_MATCH = YES;
				"CODE_SIGN_IDENTITY[sdk=iphoneos*]" = "iPhone Developer";
				COPY_PHASE_STRIP = NO;
				DEBUG_INFORMATION_FORMAT = "dwarf-with-dsym";
				ENABLE_STRICT_OBJC_MSGSEND = YES;
				GCC_C_LANGUAGE_STANDARD = gnu99;
				GCC_DYNAMIC_NO_PIC = NO;
				GCC_NO_COMMON_BLOCKS = YES;
				GCC_OPTIMIZATION_LEVEL = 0;
				GCC_PREPROCESSOR_DEFINITIONS = (
					"DEBUG=1",
					"$(inherited)",
				);
				GCC_SYMBOLS_PRIVATE_EXTERN = NO;
				GCC_WARN_64_TO_32_BIT_CONVERSION = YES;
				GCC_WARN_ABOUT_RETURN_TYPE = YES_ERROR;
				GCC_WARN_UNDECLARED_SELECTOR = YES;
				GCC_WARN_UNINITIALIZED_AUTOS = YES_AGGRESSIVE;
				GCC_WARN_UNUSED_FUNCTION = YES;
				GCC_WARN_UNUSED_VARIABLE = YES;
				IPHONEOS_DEPLOYMENT_TARGET = 8.3;
				MTL_ENABLE_DEBUG_INFO = YES;
				ONLY_ACTIVE_ARCH = YES;
				SDKROOT = iphoneos;
			};
			name = Debug;
		};
		8B2BB8741B2642380057098C /* Release */ = {
			isa = XCBuildConfiguration;
			buildSettings = {
				ALWAYS_SEARCH_USER_PATHS = NO;
				CLANG_CXX_LANGUAGE_STANDARD = "gnu++0x";
				CLANG_CXX_LIBRARY = "libc++";
				CLANG_ENABLE_MODULES = YES;
				CLANG_ENABLE_OBJC_ARC = YES;
				CLANG_WARN_BOOL_CONVERSION = YES;
				CLANG_WARN_CONSTANT_CONVERSION = YES;
				CLANG_WARN_DIRECT_OBJC_ISA_USAGE = YES_ERROR;
				CLANG_WARN_EMPTY_BODY = YES;
				CLANG_WARN_ENUM_CONVERSION = YES;
				CLANG_WARN_INT_CONVERSION = YES;
				CLANG_WARN_OBJC_ROOT_CLASS = YES_ERROR;
				CLANG_WARN_UNREACHABLE_CODE = YES;
				CLANG_WARN__DUPLICATE_METHOD_MATCH = YES;
				"CODE_SIGN_IDENTITY[sdk=iphoneos*]" = "iPhone Developer";
				COPY_PHASE_STRIP = NO;
				DEBUG_INFORMATION_FORMAT = "dwarf-with-dsym";
				ENABLE_NS_ASSERTIONS = NO;
				ENABLE_STRICT_OBJC_MSGSEND = YES;
				GCC_C_LANGUAGE_STANDARD = gnu99;
				GCC_NO_COMMON_BLOCKS = YES;
				GCC_WARN_64_TO_32_BIT_CONVERSION = YES;
				GCC_WARN_ABOUT_RETURN_TYPE = YES_ERROR;
				GCC_WARN_UNDECLARED_SELECTOR = YES;
				GCC_WARN_UNINITIALIZED_AUTOS = YES_AGGRESSIVE;
				GCC_WARN_UNUSED_FUNCTION = YES;
				GCC_WARN_UNUSED_VARIABLE = YES;
				IPHONEOS_DEPLOYMENT_TARGET = 8.3;
				MTL_ENABLE_DEBUG_INFO = NO;
				SDKROOT = iphoneos;
				VALIDATE_PRODUCT = YES;
			};
			name = Release;
		};
		8B2BB8761B2642380057098C /* Debug */ = {
			isa = XCBuildConfiguration;
			buildSettings = {
				ASSETCATALOG_COMPILER_APPICON_NAME = AppIcon;
				INFOPLIST_FILE = Imaginarium/Info.plist;
				LD_RUNPATH_SEARCH_PATHS = "$(inherited) @executable_path/Frameworks";
				PRODUCT_NAME = "$(TARGET_NAME)";
			};
			name = Debug;
		};
		8B2BB8771B2642380057098C /* Release */ = {
			isa = XCBuildConfiguration;
			buildSettings = {
				ASSETCATALOG_COMPILER_APPICON_NAME = AppIcon;
				INFOPLIST_FILE = Imaginarium/Info.plist;
				LD_RUNPATH_SEARCH_PATHS = "$(inherited) @executable_path/Frameworks";
				PRODUCT_NAME = "$(TARGET_NAME)";
			};
			name = Release;
		};
		8B2BB8791B2642380057098C /* Debug */ = {
			isa = XCBuildConfiguration;
			buildSettings = {
				BUNDLE_LOADER = "$(TEST_HOST)";
				FRAMEWORK_SEARCH_PATHS = (
					"$(SDKROOT)/Developer/Library/Frameworks",
					"$(inherited)",
				);
				GCC_PREPROCESSOR_DEFINITIONS = (
					"DEBUG=1",
					"$(inherited)",
				);
				INFOPLIST_FILE = ImaginariumTests/Info.plist;
				LD_RUNPATH_SEARCH_PATHS = "$(inherited) @executable_path/Frameworks @loader_path/Frameworks";
				PRODUCT_NAME = "$(TARGET_NAME)";
				TEST_HOST = "$(BUILT_PRODUCTS_DIR)/Imaginarium.app/Imaginarium";
			};
			name = Debug;
		};
		8B2BB87A1B2642380057098C /* Release */ = {
			isa = XCBuildConfiguration;
			buildSettings = {
				BUNDLE_LOADER = "$(TEST_HOST)";
				FRAMEWORK_SEARCH_PATHS = (
					"$(SDKROOT)/Developer/Library/Frameworks",
					"$(inherited)",
				);
				INFOPLIST_FILE = ImaginariumTests/Info.plist;
				LD_RUNPATH_SEARCH_PATHS = "$(inherited) @executable_path/Frameworks @loader_path/Frameworks";
				PRODUCT_NAME = "$(TARGET_NAME)";
				TEST_HOST = "$(BUILT_PRODUCTS_DIR)/Imaginarium.app/Imaginarium";
			};
			name = Release;
		};
/* End XCBuildConfiguration section */

/* Begin XCConfigurationList section */
		8B2BB84D1B2642370057098C /* Build configuration list for PBXProject "Imaginarium" */ = {
			isa = XCConfigurationList;
			buildConfigurations = (
				8B2BB8731B2642380057098C /* Debug */,
				8B2BB8741B2642380057098C /* Release */,
			);
			defaultConfigurationIsVisible = 0;
			defaultConfigurationName = Release;
		};
		8B2BB8751B2642380057098C /* Build configuration list for PBXNativeTarget "Imaginarium" */ = {
			isa = XCConfigurationList;
			buildConfigurations = (
				8B2BB8761B2642380057098C /* Debug */,
				8B2BB8771B2642380057098C /* Release */,
			);
			defaultConfigurationIsVisible = 0;
		};
		8B2BB8781B2642380057098C /* Build configuration list for PBXNativeTarget "ImaginariumTests" */ = {
			isa = XCConfigurationList;
			buildConfigurations = (
				8B2BB8791B2642380057098C /* Debug */,
				8B2BB87A1B2642380057098C /* Release */,
			);
			defaultConfigurationIsVisible = 0;
		};
/* End XCConfigurationList section */
	};
	rootObject = 8B2BB84A1B2642370057098C /* Project object */;
}
